{
  "name": "ServerFire",
  "version": "1.0.0",
  "lockfileVersion": 1,
  "requires": true,
  "dependencies": {
    "node-fetch": {
      "version": "2.6.1",
      "resolved": "https://registry.npmjs.org/node-fetch/-/node-fetch-2.6.1.tgz",
      "integrity": "sha512-V4aYg89jEoVRxRb2fJdAg8FHvI7cEyYdVAh94HH0UIK8oJxUfkjlDQN9RbMx+bEjP7+ggMiFRprSti032Oipxw=="
    },
    "serverfire": {
      "version": "1.0.2",
      "resolved": "https://registry.npmjs.org/serverfire/-/serverfire-1.0.2.tgz",
      "integrity": "sha512-rFcWlaVSePgSkqkIyEpZol0vavZxQLY+m+08BbQ9pOY8w2zlsdnf4Mi+/ZDXKpHufjUHIj6NbRXJa7P7o2frjw=="
    }
  }
}
