{
  "requires": true,
  "lockfileVersion": 1,
  "dependencies": {
    "async-limiter": {
      "version": "1.0.0",
      "resolved": "https://registry.npmjs.org/async-limiter/-/async-limiter-1.0.0.tgz",
      "integrity": "sha512-jp/uFnooOiO+L211eZOoSyzpOITMXx1rBITauYykG3BRYPu8h0UcxsPNB04RR5vo4Tyz3+ay17tR6JVf9qzYWg=="
    },
    "midi-player-js": {
      "version": "2.0.3",
      "resolved": "https://registry.npmjs.org/midi-player-js/-/midi-player-js-2.0.3.tgz",
      "integrity": "sha512-0YaQUevUHsGigdMlhf6ZrzPqkIufmj6PQ8GYiQTUpqMTzOkNcrnvPnas3ARNAmCHHrJWZo2BwkU0gq2VBjUgyQ=="
    },
    "mpp-client": {
      "version": "0.2.1",
      "resolved": "https://registry.npmjs.org/mpp-client/-/mpp-client-0.2.1.tgz",
      "integrity": "sha512-IEWTBOXxZi4zlIVpheLbxnx6DJE008t4sJDRhXvHO9hTBuY30Goo1OyoYOmM1VaoMaz2asLS8dR7swGVe5nDZQ==",
      "requires": {
        "ws": "5.2.1"
      },
      "dependencies": {
        "ws": {
          "version": "5.2.1",
          "resolved": "https://registry.npmjs.org/ws/-/ws-5.2.1.tgz",
          "integrity": "sha512-2NkHdPKjDBj3CHdnAGNpmlliryKqF+n9MYXX7/wsVC4yqYocKreKNjydPDvT3wShAZnndlM0RytEfTALCDvz7A==",
          "requires": {
            "async-limiter": "1.0.0"
          }
        }
      }
    }
  }
}
